
Microsoft Visual Studio Solution File, Format Version 12.00
# Visual Studio Version 17
VisualStudioVersion = 17.13.35931.197 d17.13
MinimumVisualStudioVersion = 10.0.40219.1
Project("{FAE04EC0-301F-11D3-BF4B-00C04F79EFBC}") = "Lab4_PersonInfoList", "Lab4_PersonInfoList\Lab4_PersonInfoList.csproj", "{B15DC673-6EB3-4DA3-ACBA-1D3FA87FB1CA}"
EndProject
Global
	GlobalSection(SolutionConfigurationPlatforms) = preSolution
		Debug|Any CPU = Debug|Any CPU
		Release|Any CPU = Release|Any CPU
	EndGlobalSection
	GlobalSection(ProjectConfigurationPlatforms) = postSolution
		{B15DC673-6EB3-4DA3-ACBA-1D3FA87FB1CA}.Debug|Any CPU.ActiveCfg = Debug|Any CPU
		{B15DC673-6EB3-4DA3-ACBA-1D3FA87FB1CA}.Debug|Any CPU.Build.0 = Debug|Any CPU
		{B15DC673-6EB3-4DA3-ACBA-1D3FA87FB1CA}.Release|Any CPU.ActiveCfg = Release|Any CPU
		{B15DC673-6EB3-4DA3-ACBA-1D3FA87FB1CA}.Release|Any CPU.Build.0 = Release|Any CPU
	EndGlobalSection
	GlobalSection(SolutionProperties) = preSolution
		HideSolutionNode = FALSE
	EndGlobalSection
	GlobalSection(ExtensibilityGlobals) = postSolution
		SolutionGuid = {AF560B1B-A167-48A4-B069-4028FD2EA80A}
	EndGlobalSection
EndGlobal
